// !$*UTF8*$!
{
	archiveVersion = 1;
	classes = {
	};
	objectVersion = 46;
	objects = {

/* Begin PBXBuildFile section */
		D3C0DBD11E1FFB0100545576 /* AppDelegate.swift in Sources */ = {isa = PBXBuildFile; fileRef = D3C0DBD01E1FFB0100545576 /* AppDelegate.swift */; };
		D3C0DBD31E1FFB0100545576 /* ViewController.swift in Sources */ = {isa = PBXBuildFile; fileRef = D3C0DBD21E1FFB0100545576 /* ViewController.swift */; };
		D3C0DBD61E1FFB0100545576 /* Main.storyboard in Resources */ = {isa = PBXBuildFile; fileRef = D3C0DBD41E1FFB0100545576 /* Main.storyboard */; };
		D3C0DBD81E1FFB0100545576 /* Assets.xcassets in Resources */ = {isa = PBXBuildFile; fileRef = D3C0DBD71E1FFB0100545576 /* Assets.xcassets */; };
		D3C0DBDB1E1FFB0100545576 /* LaunchScreen.storyboard in Resources */ = {isa = PBXBuildFile; fileRef = D3C0DBD91E1FFB0100545576 /* LaunchScreen.storyboard */; };
/* End PBXBuildFile section */

/* Begin PBXFileReference section */
		D3C0DBCD1E1FFB0100545576 /* IOSUIdropdownview.app */ = {isa = PBXFileReference; explicitFileType = wrapper.application; includeInIndex = 0; path = IOSUIdropdownview.app; sourceTree = BUILT_PRODUCTS_DIR; };
		D3C0DBD01E1FFB0100545576 /* AppDelegate.swift */ = {isa = PBXFileReference; lastKnownFileType = sourcecode.swift; path = AppDelegate.swift; sourceTree = "<group>"; };
		D3C0DBD21E1FFB0100545576 /* ViewController.swift */ = {isa = PBXFileReference; lastKnownFileType = sourcecode.swift; path = ViewController.swift; sourceTree = "<group>"; };
		D3C0DBD51E1FFB0100545576 /* Base */ = {isa = PBXFileReference; lastKnownFileType = file.storyboard; name = Base; path = Base.lproj/Main.storyboard; sourceTree = "<group>"; };
		D3C0DBD71E1FFB0100545576 /* Assets.xcassets */ = {isa = PBXFileReference; lastKnownFileType = folder.assetcatalog; path = Assets.xcassets; sourceTree = "<group>"; };
		D3C0DBDA1E1FFB0100545576 /* Base */ = {isa = PBXFileReference; lastKnownFileType = file.storyboard; name = Base; path = Base.lproj/LaunchScreen.storyboard; sourceTree = "<group>"; };
		D3C0DBDC1E1FFB0100545576 /* Info.plist */ = {isa = PBXFileReference; lastKnownFileType = text.plist.xml; path = Info.plist; sourceTree = "<group>"; };
/* End PBXFileReference section */

/* Begin PBXFrameworksBuildPhase section */
		D3C0DBCA1E1FFB0100545576 /* Frameworks */ = {
			isa = PBXFrameworksBuildPhase;
			buildActionMask = 2147483647;
			files = (
			);
			runOnlyForDeploymentPostprocessing = 0;
		};
/* End PBXFrameworksBuildPhase section */

/* Begin PBXGroup section */
		D3C0DBC41E1FFB0100545576 = {
			isa = PBXGroup;
			children = (
				D3C0DBCF1E1FFB0100545576 /* IOSUIdropdownview */,
				D3C0DBCE1E1FFB0100545576 /* Products */,
			);
			sourceTree = "<group>";
		};
		D3C0DBCE1E1FFB0100545576 /* Products */ = {
			isa = PBXGroup;
			children = (
				D3C0DBCD1E1FFB0100545576 /* IOSUIdropdownview.app */,
			);
			name = Products;
			sourceTree = "<group>";
		};
		D3C0DBCF1E1FFB0100545576 /* IOSUIdropdownview */ = {
			isa = PBXGroup;
			children = (
				D3C0DBD01E1FFB0100545576 /* AppDelegate.swift */,
				D3C0DBD21E1FFB0100545576 /* ViewController.swift */,
				D3C0DBD41E1FFB0100545576 /* Main.storyboard */,
				D3C0DBD71E1FFB0100545576 /* Assets.xcassets */,
				D3C0DBD91E1FFB0100545576 /* LaunchScreen.storyboard */,
				D3C0DBDC1E1FFB0100545576 /* Info.plist */,
			);
			path = IOSUIdropdownview;
			sourceTree = "<group>";
		};
/* End PBXGroup section */

/* Begin PBXNativeTarget section */
		D3C0DBCC1E1FFB0100545576 /* IOSUIdropdownview */ = {
			isa = PBXNativeTarget;
			buildConfigurationList = D3C0DBDF1E1FFB0100545576 /* Build configuration list for PBXNativeTarget "IOSUIdropdownview" */;
			buildPhases = (
				D3C0DBC91E1FFB0100545576 /* Sources */,
				D3C0DBCA1E1FFB0100545576 /* Frameworks */,
				D3C0DBCB1E1FFB0100545576 /* Resources */,
			);
			buildRules = (
			);
			dependencies = (
			);
			name = IOSUIdropdownview;
			productName = IOSUIdropdownview;
			productReference = D3C0DBCD1E1FFB0100545576 /* IOSUIdropdownview.app */;
			productType = "com.apple.product-type.application";
		};
/* End PBXNativeTarget section */

/* Begin PBXProject section */
		D3C0DBC51E1FFB0100545576 /* Project object */ = {
			isa = PBXProject;
			attributes = {
				LastSwiftUpdateCheck = 0800;
				LastUpgradeCheck = 0800;
				ORGANIZATIONNAME = sujustin;
				TargetAttributes = {
					D3C0DBCC1E1FFB0100545576 = {
						CreatedOnToolsVersion = 8.0;
						DevelopmentTeam = 73JT68725H;
						ProvisioningStyle = Automatic;
					};
				};
			};
			buildConfigurationList = D3C0DBC81E1FFB0100545576 /* Build configuration list for PBXProject "IOSUIdropdownview" */;
			compatibilityVersion = "Xcode 3.2";
			developmentRegion = English;
			hasScannedForEncodings = 0;
			knownRegions = (
				en,
				Base,
			);
			mainGroup = D3C0DBC41E1FFB0100545576;
			productRefGroup = D3C0DBCE1E1FFB0100545576 /* Products */;
			projectDirPath = "";
			projectRoot = "";
			targets = (
				D3C0DBCC1E1FFB0100545576 /* IOSUIdropdownview */,
			);
		};
/* End PBXProject section */

/* Begin PBXResourcesBuildPhase section */
		D3C0DBCB1E1FFB0100545576 /* Resources */ = {
			isa = PBXResourcesBuildPhase;
			buildActionMask = 2147483647;
			files = (
				D3C0DBDB1E1FFB0100545576 /* LaunchScreen.storyboard in Resources */,
				D3C0DBD81E1FFB0100545576 /* Assets.xcassets in Resources */,
				D3C0DBD61E1FFB0100545576 /* Main.storyboard in Resources */,
			);
			runOnlyForDeploymentPostprocessing = 0;
		};
/* End PBXResourcesBuildPhase section */

/* Begin PBXSourcesBuildPhase section */
		D3C0DBC91E1FFB0100545576 /* Sources */ = {
			isa = PBXSourcesBuildPhase;
			buildActionMask = 2147483647;
			files = (
				D3C0DBD31E1FFB0100545576 /* ViewController.swift in Sources */,
				D3C0DBD11E1FFB0100545576 /* AppDelegate.swift in Sources */,
			);
			runOnlyForDeploymentPostprocessing = 0;
		};
/* End PBXSourcesBuildPhase section */

/* Begin PBXVariantGroup section */
		D3C0DBD41E1FFB0100545576 /* Main.storyboard */ = {
			isa = PBXVariantGroup;
			children = (
				D3C0DBD51E1FFB0100545576 /* Base */,
			);
			name = Main.storyboard;
			sourceTree = "<group>";
		};
		D3C0DBD91E1FFB0100545576 /* LaunchScreen.storyboard */ = {
			isa = PBXVariantGroup;
			children = (
				D3C0DBDA1E1FFB0100545576 /* Base */,
			);
			name = LaunchScreen.storyboard;
			sourceTree = "<group>";
		};
/* End PBXVariantGroup section */

/* Begin XCBuildConfiguration section */
		D3C0DBDD1E1FFB0100545576 /* Debug */ = {
			isa = XCBuildConfiguration;
			buildSettings = {
				ALWAYS_SEARCH_USER_PATHS = NO;
				CLANG_ANALYZER_NONNULL = YES;
				CLANG_CXX_LANGUAGE_STANDARD = "gnu++0x";
				CLANG_CXX_LIBRARY = "libc++";
				CLANG_ENABLE_MODULES = YES;
				CLANG_ENABLE_OBJC_ARC = YES;
				CLANG_WARN_BOOL_CONVERSION = YES;
				CLANG_WARN_CONSTANT_CONVERSION = YES;
				CLANG_WARN_DIRECT_OBJC_ISA_USAGE = YES_ERROR;
				CLANG_WARN_DOCUMENTATION_COMMENTS = YES;
				CLANG_WARN_EMPTY_BODY = YES;
				CLANG_WARN_ENUM_CONVERSION = YES;
				CLANG_WARN_INFINITE_RECURSION = YES;
				CLANG_WARN_INT_CONVERSION = YES;
				CLANG_WARN_OBJC_ROOT_CLASS = YES_ERROR;
				CLANG_WARN_SUSPICIOUS_MOVES = YES;
				CLANG_WARN_UNREACHABLE_CODE = YES;
				CLANG_WARN__DUPLICATE_METHOD_MATCH = YES;
				"CODE_SIGN_IDENTITY[sdk=iphoneos*]" = "iPhone Developer";
				COPY_PHASE_STRIP = NO;
				DEBUG_INFORMATION_FORMAT = dwarf;
				ENABLE_STRICT_OBJC_MSGSEND = YES;
				ENABLE_TESTABILITY = YES;
				GCC_C_LANGUAGE_STANDARD = gnu99;
				GCC_DYNAMIC_NO_PIC = NO;
				GCC_NO_COMMON_BLOCKS = YES;
				GCC_OPTIMIZATION_LEVEL = 0;
				GCC_PREPROCESSOR_DEFINITIONS = (
					"DEBUG=1",
					"$(inherited)",
				);
				GCC_WARN_64_TO_32_BIT_CONVERSION = YES;
				GCC_WARN_ABOUT_RETURN_TYPE = YES_ERROR;
				GCC_WARN_UNDECLARED_SELECTOR = YES;
				GCC_WARN_UNINITIALIZED_AUTOS = YES_AGGRESSIVE;
				GCC_WARN_UNUSED_FUNCTION = YES;
				GCC_WARN_UNUSED_VARIABLE = YES;
				IPHONEOS_DEPLOYMENT_TARGET = 10.0;
				MTL_ENABLE_DEBUG_INFO = YES;
				ONLY_ACTIVE_ARCH = YES;
				SDKROOT = iphoneos;
				SWIFT_ACTIVE_COMPILATION_CONDITIONS = DEBUG;
				SWIFT_OPTIMIZATION_LEVEL = "-Onone";
			};
			name = Debug;
		};
		D3C0DBDE1E1FFB0100545576 /* Release */ = {
			isa = XCBuildConfiguration;
			buildSettings = {
				ALWAYS_SEARCH_USER_PATHS = NO;
				CLANG_ANALYZER_NONNULL = YES;
				CLANG_CXX_LANGUAGE_STANDARD = "gnu++0x";
				CLANG_CXX_LIBRARY = "libc++";
				CLANG_ENABLE_MODULES = YES;
				CLANG_ENABLE_OBJC_ARC = YES;
				CLANG_WARN_BOOL_CONVERSION = YES;
				CLANG_WARN_CONSTANT_CONVERSION = YES;
				CLANG_WARN_DIRECT_OBJC_ISA_USAGE = YES_ERROR;
				CLANG_WARN_DOCUMENTATION_COMMENTS = YES;
				CLANG_WARN_EMPTY_BODY = YES;
				CLANG_WARN_ENUM_CONVERSION = YES;
				CLANG_WARN_INFINITE_RECURSION = YES;
				CLANG_WARN_INT_CONVERSION = YES;
				CLANG_WARN_OBJC_ROOT_CLASS = YES_ERROR;
				CLANG_WARN_SUSPICIOUS_MOVES = YES;
				CLANG_WARN_UNREACHABLE_CODE = YES;
				CLANG_WARN__DUPLICATE_METHOD_MATCH = YES;
				"CODE_SIGN_IDENTITY[sdk=iphoneos*]" = "iPhone Developer";
				COPY_PHASE_STRIP = NO;
				DEBUG_INFORMATION_FORMAT = "dwarf-with-dsym";
				ENABLE_NS_ASSERTIONS = NO;
				ENABLE_STRICT_OBJC_MSGSEND = YES;
				GCC_C_LANGUAGE_STANDARD = gnu99;
				GCC_NO_COMMON_BLOCKS = YES;
				GCC_WARN_64_TO_32_BIT_CONVERSION = YES;
				GCC_WARN_ABOUT_RETURN_TYPE = YES_ERROR;
				GCC_WARN_UNDECLARED_SELECTOR = YES;
				GCC_WARN_UNINITIALIZED_AUTOS = YES_AGGRESSIVE;
				GCC_WARN_UNUSED_FUNCTION = YES;
				GCC_WARN_UNUSED_VARIABLE = YES;
				IPHONEOS_DEPLOYMENT_TARGET = 10.0;
				MTL_ENABLE_DEBUG_INFO = NO;
				SDKROOT = iphoneos;
				SWIFT_OPTIMIZATION_LEVEL = "-Owholemodule";
				VALIDATE_PRODUCT = YES;
			};
			name = Release;
		};
		D3C0DBE01E1FFB0100545576 /* Debug */ = {
			isa = XCBuildConfiguration;
			buildSettings = {
				ASSETCATALOG_COMPILER_APPICON_NAME = AppIcon;
				DEVELOPMENT_TEAM = 73JT68725H;
				INFOPLIST_FILE = IOSUIdropdownview/Info.plist;
				LD_RUNPATH_SEARCH_PATHS = "$(inherited) @executable_path/Frameworks";
				PRODUCT_BUNDLE_IDENTIFIER = com.sujustin.IOSUIdropdownview;
				PRODUCT_NAME = "$(TARGET_NAME)";
				SWIFT_VERSION = 3.0;
				TARGETED_DEVICE_FAMILY = 1;
			};
			name = Debug;
		};
		D3C0DBE11E1FFB0100545576 /* Release */ = {
			isa = XCBuildConfiguration;
			buildSettings = {
				ASSETCATALOG_COMPILER_APPICON_NAME = AppIcon;
				DEVELOPMENT_TEAM = 73JT68725H;
				INFOPLIST_FILE = IOSUIdropdownview/Info.plist;
				LD_RUNPATH_SEARCH_PATHS = "$(inherited) @executable_path/Frameworks";
				PRODUCT_BUNDLE_IDENTIFIER = com.sujustin.IOSUIdropdownview;
				PRODUCT_NAME = "$(TARGET_NAME)";
				SWIFT_VERSION = 3.0;
				TARGETED_DEVICE_FAMILY = 1;
			};
			name = Release;
		};
/* End XCBuildConfiguration section */

/* Begin XCConfigurationList section */
		D3C0DBC81E1FFB0100545576 /* Build configuration list for PBXProject "IOSUIdropdownview" */ = {
			isa = XCConfigurationList;
			buildConfigurations = (
				D3C0DBDD1E1FFB0100545576 /* Debug */,
				D3C0DBDE1E1FFB0100545576 /* Release */,
			);
			defaultConfigurationIsVisible = 0;
			defaultConfigurationName = Release;
		};
		D3C0DBDF1E1FFB0100545576 /* Build configuration list for PBXNativeTarget "IOSUIdropdownview" */ = {
			isa = XCConfigurationList;
			buildConfigurations = (
				D3C0DBE01E1FFB0100545576 /* Debug */,
				D3C0DBE11E1FFB0100545576 /* Release */,
			);
			defaultConfigurationIsVisible = 0;
			defaultConfigurationName = Release;
		};
/* End XCConfigurationList section */
	};
	rootObject = D3C0DBC51E1FFB0100545576 /* Project object */;
}
