// !$*UTF8*$!
{
	archiveVersion = 1;
	classes = {
	};
	objectVersion = 46;
	objects = {

/* Begin PBXBuildFile section */
		D31C90201EB86974004B310B /* AppDelegate.swift in Sources */ = {isa = PBXBuildFile; fileRef = D31C901F1EB86974004B310B /* AppDelegate.swift */; };
		D31C90221EB86974004B310B /* ViewController.swift in Sources */ = {isa = PBXBuildFile; fileRef = D31C90211EB86974004B310B /* ViewController.swift */; };
		D31C90251EB86974004B310B /* Main.storyboard in Resources */ = {isa = PBXBuildFile; fileRef = D31C90231EB86974004B310B /* Main.storyboard */; };
		D31C90271EB86974004B310B /* Assets.xcassets in Resources */ = {isa = PBXBuildFile; fileRef = D31C90261EB86974004B310B /* Assets.xcassets */; };
		D31C902A1EB86974004B310B /* LaunchScreen.storyboard in Resources */ = {isa = PBXBuildFile; fileRef = D31C90281EB86974004B310B /* LaunchScreen.storyboard */; };
		D31C90321EB87FC1004B310B /* Messages.swift in Sources */ = {isa = PBXBuildFile; fileRef = D31C90311EB87FC1004B310B /* Messages.swift */; };
/* End PBXBuildFile section */

/* Begin PBXFileReference section */
		D31C901C1EB86974004B310B /* IOSCustomTable.app */ = {isa = PBXFileReference; explicitFileType = wrapper.application; includeInIndex = 0; path = IOSCustomTable.app; sourceTree = BUILT_PRODUCTS_DIR; };
		D31C901F1EB86974004B310B /* AppDelegate.swift */ = {isa = PBXFileReference; lastKnownFileType = sourcecode.swift; path = AppDelegate.swift; sourceTree = "<group>"; };
		D31C90211EB86974004B310B /* ViewController.swift */ = {isa = PBXFileReference; lastKnownFileType = sourcecode.swift; path = ViewController.swift; sourceTree = "<group>"; };
		D31C90241EB86974004B310B /* Base */ = {isa = PBXFileReference; lastKnownFileType = file.storyboard; name = Base; path = Base.lproj/Main.storyboard; sourceTree = "<group>"; };
		D31C90261EB86974004B310B /* Assets.xcassets */ = {isa = PBXFileReference; lastKnownFileType = folder.assetcatalog; path = Assets.xcassets; sourceTree = "<group>"; };
		D31C90291EB86974004B310B /* Base */ = {isa = PBXFileReference; lastKnownFileType = file.storyboard; name = Base; path = Base.lproj/LaunchScreen.storyboard; sourceTree = "<group>"; };
		D31C902B1EB86974004B310B /* Info.plist */ = {isa = PBXFileReference; lastKnownFileType = text.plist.xml; path = Info.plist; sourceTree = "<group>"; };
		D31C90311EB87FC1004B310B /* Messages.swift */ = {isa = PBXFileReference; fileEncoding = 4; lastKnownFileType = sourcecode.swift; path = Messages.swift; sourceTree = "<group>"; };
/* End PBXFileReference section */

/* Begin PBXFrameworksBuildPhase section */
		D31C90191EB86974004B310B /* Frameworks */ = {
			isa = PBXFrameworksBuildPhase;
			buildActionMask = 2147483647;
			files = (
			);
			runOnlyForDeploymentPostprocessing = 0;
		};
/* End PBXFrameworksBuildPhase section */

/* Begin PBXGroup section */
		D31C90131EB86974004B310B = {
			isa = PBXGroup;
			children = (
				D31C901E1EB86974004B310B /* IOSCustomTable */,
				D31C901D1EB86974004B310B /* Products */,
			);
			sourceTree = "<group>";
		};
		D31C901D1EB86974004B310B /* Products */ = {
			isa = PBXGroup;
			children = (
				D31C901C1EB86974004B310B /* IOSCustomTable.app */,
			);
			name = Products;
			sourceTree = "<group>";
		};
		D31C901E1EB86974004B310B /* IOSCustomTable */ = {
			isa = PBXGroup;
			children = (
				D31C901F1EB86974004B310B /* AppDelegate.swift */,
				D31C90311EB87FC1004B310B /* Messages.swift */,
				D31C90211EB86974004B310B /* ViewController.swift */,
				D31C90231EB86974004B310B /* Main.storyboard */,
				D31C90261EB86974004B310B /* Assets.xcassets */,
				D31C90281EB86974004B310B /* LaunchScreen.storyboard */,
				D31C902B1EB86974004B310B /* Info.plist */,
			);
			path = IOSCustomTable;
			sourceTree = "<group>";
		};
/* End PBXGroup section */

/* Begin PBXNativeTarget section */
		D31C901B1EB86974004B310B /* IOSCustomTable */ = {
			isa = PBXNativeTarget;
			buildConfigurationList = D31C902E1EB86974004B310B /* Build configuration list for PBXNativeTarget "IOSCustomTable" */;
			buildPhases = (
				D31C90181EB86974004B310B /* Sources */,
				D31C90191EB86974004B310B /* Frameworks */,
				D31C901A1EB86974004B310B /* Resources */,
			);
			buildRules = (
			);
			dependencies = (
			);
			name = IOSCustomTable;
			productName = IOSCustomTable;
			productReference = D31C901C1EB86974004B310B /* IOSCustomTable.app */;
			productType = "com.apple.product-type.application";
		};
/* End PBXNativeTarget section */

/* Begin PBXProject section */
		D31C90141EB86974004B310B /* Project object */ = {
			isa = PBXProject;
			attributes = {
				LastSwiftUpdateCheck = 0820;
				LastUpgradeCheck = 0820;
				ORGANIZATIONNAME = sujustin;
				TargetAttributes = {
					D31C901B1EB86974004B310B = {
						CreatedOnToolsVersion = 8.2.1;
						DevelopmentTeam = 73JT68725H;
						ProvisioningStyle = Automatic;
					};
				};
			};
			buildConfigurationList = D31C90171EB86974004B310B /* Build configuration list for PBXProject "IOSCustomTable" */;
			compatibilityVersion = "Xcode 3.2";
			developmentRegion = English;
			hasScannedForEncodings = 0;
			knownRegions = (
				en,
				Base,
			);
			mainGroup = D31C90131EB86974004B310B;
			productRefGroup = D31C901D1EB86974004B310B /* Products */;
			projectDirPath = "";
			projectRoot = "";
			targets = (
				D31C901B1EB86974004B310B /* IOSCustomTable */,
			);
		};
/* End PBXProject section */

/* Begin PBXResourcesBuildPhase section */
		D31C901A1EB86974004B310B /* Resources */ = {
			isa = PBXResourcesBuildPhase;
			buildActionMask = 2147483647;
			files = (
				D31C902A1EB86974004B310B /* LaunchScreen.storyboard in Resources */,
				D31C90271EB86974004B310B /* Assets.xcassets in Resources */,
				D31C90251EB86974004B310B /* Main.storyboard in Resources */,
			);
			runOnlyForDeploymentPostprocessing = 0;
		};
/* End PBXResourcesBuildPhase section */

/* Begin PBXSourcesBuildPhase section */
		D31C90181EB86974004B310B /* Sources */ = {
			isa = PBXSourcesBuildPhase;
			buildActionMask = 2147483647;
			files = (
				D31C90221EB86974004B310B /* ViewController.swift in Sources */,
				D31C90321EB87FC1004B310B /* Messages.swift in Sources */,
				D31C90201EB86974004B310B /* AppDelegate.swift in Sources */,
			);
			runOnlyForDeploymentPostprocessing = 0;
		};
/* End PBXSourcesBuildPhase section */

/* Begin PBXVariantGroup section */
		D31C90231EB86974004B310B /* Main.storyboard */ = {
			isa = PBXVariantGroup;
			children = (
				D31C90241EB86974004B310B /* Base */,
			);
			name = Main.storyboard;
			sourceTree = "<group>";
		};
		D31C90281EB86974004B310B /* LaunchScreen.storyboard */ = {
			isa = PBXVariantGroup;
			children = (
				D31C90291EB86974004B310B /* Base */,
			);
			name = LaunchScreen.storyboard;
			sourceTree = "<group>";
		};
/* End PBXVariantGroup section */

/* Begin XCBuildConfiguration section */
		D31C902C1EB86974004B310B /* Debug */ = {
			isa = XCBuildConfiguration;
			buildSettings = {
				ALWAYS_SEARCH_USER_PATHS = NO;
				CLANG_ANALYZER_NONNULL = YES;
				CLANG_CXX_LANGUAGE_STANDARD = "gnu++0x";
				CLANG_CXX_LIBRARY = "libc++";
				CLANG_ENABLE_MODULES = YES;
				CLANG_ENABLE_OBJC_ARC = YES;
				CLANG_WARN_BOOL_CONVERSION = YES;
				CLANG_WARN_CONSTANT_CONVERSION = YES;
				CLANG_WARN_DIRECT_OBJC_ISA_USAGE = YES_ERROR;
				CLANG_WARN_DOCUMENTATION_COMMENTS = YES;
				CLANG_WARN_EMPTY_BODY = YES;
				CLANG_WARN_ENUM_CONVERSION = YES;
				CLANG_WARN_INFINITE_RECURSION = YES;
				CLANG_WARN_INT_CONVERSION = YES;
				CLANG_WARN_OBJC_ROOT_CLASS = YES_ERROR;
				CLANG_WARN_SUSPICIOUS_MOVE = YES;
				CLANG_WARN_UNREACHABLE_CODE = YES;
				CLANG_WARN__DUPLICATE_METHOD_MATCH = YES;
				"CODE_SIGN_IDENTITY[sdk=iphoneos*]" = "iPhone Developer";
				COPY_PHASE_STRIP = NO;
				DEBUG_INFORMATION_FORMAT = dwarf;
				ENABLE_STRICT_OBJC_MSGSEND = YES;
				ENABLE_TESTABILITY = YES;
				GCC_C_LANGUAGE_STANDARD = gnu99;
				GCC_DYNAMIC_NO_PIC = NO;
				GCC_NO_COMMON_BLOCKS = YES;
				GCC_OPTIMIZATION_LEVEL = 0;
				GCC_PREPROCESSOR_DEFINITIONS = (
					"DEBUG=1",
					"$(inherited)",
				);
				GCC_WARN_64_TO_32_BIT_CONVERSION = YES;
				GCC_WARN_ABOUT_RETURN_TYPE = YES_ERROR;
				GCC_WARN_UNDECLARED_SELECTOR = YES;
				GCC_WARN_UNINITIALIZED_AUTOS = YES_AGGRESSIVE;
				GCC_WARN_UNUSED_FUNCTION = YES;
				GCC_WARN_UNUSED_VARIABLE = YES;
				IPHONEOS_DEPLOYMENT_TARGET = 10.2;
				MTL_ENABLE_DEBUG_INFO = YES;
				ONLY_ACTIVE_ARCH = YES;
				SDKROOT = iphoneos;
				SWIFT_ACTIVE_COMPILATION_CONDITIONS = DEBUG;
				SWIFT_OPTIMIZATION_LEVEL = "-Onone";
			};
			name = Debug;
		};
		D31C902D1EB86974004B310B /* Release */ = {
			isa = XCBuildConfiguration;
			buildSettings = {
				ALWAYS_SEARCH_USER_PATHS = NO;
				CLANG_ANALYZER_NONNULL = YES;
				CLANG_CXX_LANGUAGE_STANDARD = "gnu++0x";
				CLANG_CXX_LIBRARY = "libc++";
				CLANG_ENABLE_MODULES = YES;
				CLANG_ENABLE_OBJC_ARC = YES;
				CLANG_WARN_BOOL_CONVERSION = YES;
				CLANG_WARN_CONSTANT_CONVERSION = YES;
				CLANG_WARN_DIRECT_OBJC_ISA_USAGE = YES_ERROR;
				CLANG_WARN_DOCUMENTATION_COMMENTS = YES;
				CLANG_WARN_EMPTY_BODY = YES;
				CLANG_WARN_ENUM_CONVERSION = YES;
				CLANG_WARN_INFINITE_RECURSION = YES;
				CLANG_WARN_INT_CONVERSION = YES;
				CLANG_WARN_OBJC_ROOT_CLASS = YES_ERROR;
				CLANG_WARN_SUSPICIOUS_MOVE = YES;
				CLANG_WARN_UNREACHABLE_CODE = YES;
				CLANG_WARN__DUPLICATE_METHOD_MATCH = YES;
				"CODE_SIGN_IDENTITY[sdk=iphoneos*]" = "iPhone Developer";
				COPY_PHASE_STRIP = NO;
				DEBUG_INFORMATION_FORMAT = "dwarf-with-dsym";
				ENABLE_NS_ASSERTIONS = NO;
				ENABLE_STRICT_OBJC_MSGSEND = YES;
				GCC_C_LANGUAGE_STANDARD = gnu99;
				GCC_NO_COMMON_BLOCKS = YES;
				GCC_WARN_64_TO_32_BIT_CONVERSION = YES;
				GCC_WARN_ABOUT_RETURN_TYPE = YES_ERROR;
				GCC_WARN_UNDECLARED_SELECTOR = YES;
				GCC_WARN_UNINITIALIZED_AUTOS = YES_AGGRESSIVE;
				GCC_WARN_UNUSED_FUNCTION = YES;
				GCC_WARN_UNUSED_VARIABLE = YES;
				IPHONEOS_DEPLOYMENT_TARGET = 10.2;
				MTL_ENABLE_DEBUG_INFO = NO;
				SDKROOT = iphoneos;
				SWIFT_OPTIMIZATION_LEVEL = "-Owholemodule";
				VALIDATE_PRODUCT = YES;
			};
			name = Release;
		};
		D31C902F1EB86974004B310B /* Debug */ = {
			isa = XCBuildConfiguration;
			buildSettings = {
				ASSETCATALOG_COMPILER_APPICON_NAME = AppIcon;
				DEVELOPMENT_TEAM = 73JT68725H;
				INFOPLIST_FILE = IOSCustomTable/Info.plist;
				LD_RUNPATH_SEARCH_PATHS = "$(inherited) @executable_path/Frameworks";
				PRODUCT_BUNDLE_IDENTIFIER = com.sujustin.IOSCustomTable;
				PRODUCT_NAME = "$(TARGET_NAME)";
				SWIFT_VERSION = 3.0;
			};
			name = Debug;
		};
		D31C90301EB86974004B310B /* Release */ = {
			isa = XCBuildConfiguration;
			buildSettings = {
				ASSETCATALOG_COMPILER_APPICON_NAME = AppIcon;
				DEVELOPMENT_TEAM = 73JT68725H;
				INFOPLIST_FILE = IOSCustomTable/Info.plist;
				LD_RUNPATH_SEARCH_PATHS = "$(inherited) @executable_path/Frameworks";
				PRODUCT_BUNDLE_IDENTIFIER = com.sujustin.IOSCustomTable;
				PRODUCT_NAME = "$(TARGET_NAME)";
				SWIFT_VERSION = 3.0;
			};
			name = Release;
		};
/* End XCBuildConfiguration section */

/* Begin XCConfigurationList section */
		D31C90171EB86974004B310B /* Build configuration list for PBXProject "IOSCustomTable" */ = {
			isa = XCConfigurationList;
			buildConfigurations = (
				D31C902C1EB86974004B310B /* Debug */,
				D31C902D1EB86974004B310B /* Release */,
			);
			defaultConfigurationIsVisible = 0;
			defaultConfigurationName = Release;
		};
		D31C902E1EB86974004B310B /* Build configuration list for PBXNativeTarget "IOSCustomTable" */ = {
			isa = XCConfigurationList;
			buildConfigurations = (
				D31C902F1EB86974004B310B /* Debug */,
				D31C90301EB86974004B310B /* Release */,
			);
			defaultConfigurationIsVisible = 0;
		};
/* End XCConfigurationList section */
	};
	rootObject = D31C90141EB86974004B310B /* Project object */;
}
